# This file is automatically @generated by Cargo.
# It is not intended for manual editing.
version = 4

[[package]]
name = "perfetto-everywhere"
version = "0.1.0"
dependencies = [
 "perfetto-everywhere-core",
 "perfetto-everywhere-native",
 "perfetto-everywhere-web",
]

[[package]]
name = "perfetto-everywhere-collector"
version = "0.1.0"
dependencies = [
 "perfetto-everywhere-core",
]

[[package]]
name = "perfetto-everywhere-core"
version = "0.1.0"

[[package]]
name = "perfetto-everywhere-native"
version = "0.1.0"
dependencies = [
 "perfetto-everywhere-core",
]

[[package]]
name = "perfetto-everywhere-tracing"
version = "0.1.0"
dependencies = [
 "perfetto-everywhere-core",
]

[[package]]
name = "perfetto-everywhere-web"
version = "0.1.0"
dependencies = [
 "perfetto-everywhere-core",
]
